
Microsoft Visual Studio Solution File, Format Version 12.00
# Visual Studio Version 16
VisualStudioVersion = 16.0.810.23
MinimumVisualStudioVersion = 10.0.40219.1
Project("{FAE04EC0-301F-11D3-BF4B-00C04F79EFBC}") = "net_core_prueba", "net_core_prueba\net_core_prueba.csproj", "{7A921DC9-9348-40BF-9EC4-4D088745D039}"
EndProject
Global
	GlobalSection(SolutionConfigurationPlatforms) = preSolution
		Debug|Any CPU = Debug|Any CPU
		Release|Any CPU = Release|Any CPU
	EndGlobalSection
	GlobalSection(ProjectConfigurationPlatforms) = postSolution
		{7A921DC9-9348-40BF-9EC4-4D088745D039}.Debug|Any CPU.ActiveCfg = Debug|Any CPU
		{7A921DC9-9348-40BF-9EC4-4D088745D039}.Debug|Any CPU.Build.0 = Debug|Any CPU
		{7A921DC9-9348-40BF-9EC4-4D088745D039}.Release|Any CPU.ActiveCfg = Release|Any CPU
		{7A921DC9-9348-40BF-9EC4-4D088745D039}.Release|Any CPU.Build.0 = Release|Any CPU
	EndGlobalSection
	GlobalSection(SolutionProperties) = preSolution
		HideSolutionNode = FALSE
	EndGlobalSection
	GlobalSection(ExtensibilityGlobals) = postSolution
		SolutionGuid = {B8AE7FFC-EA61-4095-B3DC-340A1BC44CFB}
	EndGlobalSection
EndGlobal
